<?xml version="1.0" encoding="UTF-8" standalone="yes" ?>
<CodeBlocks_project_file>
	<FileVersion major="1" minor="6" />
	<Project>
		<Option title="PandoraPanic" />
		<Option pch_mode="2" />
		<Option default_target="Lin Release" />
		<Option compiler="gcc" />
		<Option virtualFolders="MyGame/;MyGame/States/;PenjinBase/;PenjinBase/Sprite/;PenjinBase/Particle/;PenjinBase/Menu/;PenjinBase/PlatformSpecific/;PenjinBase/PlatformSpecific/GP2X/;PenjinBase/PlatformSpecific/Wii/;MyGame/States/MiniGames/;MyGame/States/MiniGames/StatePunchWrestler/;PenjinBase/PlatformSpecific/Pandora/;PenjinBase/Input/;PenjinBase/Scoring/;MyGame/States/MiniGames/StateRocketEscape/;PenjinBase/Input/KeyMapper/;MyGame/States/MiniGames/StatePanJoust/;PenjinBase/Draw/;PenjinBase/Particle/Collidables/;PenjinBase/Particle/Effects/;PenjinBase/Sound/;PenjinBase/Particle/Particles/;PenjinBase/Menu/MenuItems/;PenjinBase/Draw/Primitives/;PenjinBase/Physics/;MyGame/States/MiniGames/StateSegWay/;PenjinBase/Draw/3D/;PenjinBase/Physics/Vectors/old/;PenjinBase/Physics/Vectors/;PenjinBase/Physics/Vectors/Trenki/;MyGame/States/MiniGames/StateArena/;PenjinBase/Text/;PenjinBase/Achievements/;PenjinBase/Timers/;" />
		<Build>
			<Target title="W32 Debug">
				<Option platforms="Windows;" />
				<Option output="bin/W32/PandoraPanic_D" prefix_auto="1" extension_auto="1" />
				<Option working_dir="built" />
				<Option object_output="obj/W32/Debug/" />
				<Option type="1" />
				<Option compiler="gcc" />
				<Compiler>
					<Add option="-g" />
					<Add option="`sdl-config --cflags`" />
					<Add option="-D_DEBUG" />
					<Add option="-D_WIN32" />
					<Add option="-DPLATFORM_PC" />
					<Add option="-DPENJIN_SDL" />
				</Compiler>
				<Linker>
					<Add option="`sdl-config --libs`" />
					<Add library="C:/Program Files/CodeBlocks/MinGW/lib/libmingw32.a" />
					<Add library="C:/Program Files/CodeBlocks/MinGW/lib/libSDLmain.a" />
					<Add library="C:/Program Files/CodeBlocks/MinGW/lib/libSDL.dll.a" />
					<Add library="C:/Program Files/CodeBlocks/MinGW/lib/libopengl32.a" />
					<Add library="C:/Program Files/CodeBlocks/MinGW/lib/sdlgfx.lib" />
					<Add library="C:/Program Files/CodeBlocks/MinGW/lib/SDL_image.lib" />
					<Add library="C:/Program Files/CodeBlocks/MinGW/lib/SDL_mixer.lib" />
					<Add library="C:/Program Files/CodeBlocks/MinGW/lib/SDL_ttf.lib" />
					<Add library="C:/Program Files/CodeBlocks/MinGW/lib/libglu32.a" />
				</Linker>
			</Target>
			<Target title="W32 Release">
				<Option platforms="Windows;" />
				<Option output="bin/W32/PandoraPanic_R" prefix_auto="1" extension_auto="1" />
				<Option working_dir="built" />
				<Option object_output="obj/W32/Release/" />
				<Option type="0" />
				<Option compiler="gcc" />
				<Compiler>
					<Add option="-O3" />
					<Add option="`sdl-config --cflags`" />
					<Add option="-DPLATFORM_PC" />
					<Add option="-D_WIN32" />
					<Add option="-DPENJIN_SDL" />
					<Add directory="C:/MinGW/include" />
					<Add directory="include/wiiuse" />
					<Add directory="C:/MinGW/include/GL" />
					<Add directory="C:/MinGW/include/SDL" />
				</Compiler>
				<Linker>
					<Add option="-s" />
					<Add option="-ming32" />
					<Add option="`sdl-config --libs`" />
					<Add library="C:/Program Files/CodeBlocks/MinGW/lib/libmingw32.a" />
					<Add library="C:/Program Files/CodeBlocks/MinGW/lib/libSDLmain.a" />
					<Add library="C:/Program Files/CodeBlocks/MinGW/lib/libSDL.dll.a" />
					<Add library="C:/Program Files/CodeBlocks/MinGW/lib/sdlgfx.lib" />
					<Add library="C:/Program Files/CodeBlocks/MinGW/lib/SDL_image.lib" />
					<Add library="C:/Program Files/CodeBlocks/MinGW/lib/SDL_mixer.lib" />
					<Add library="C:/Program Files/CodeBlocks/MinGW/lib/SDL_ttf.lib" />
					<Add directory="../PenjinBase/obj/W32/Release" />
				</Linker>
			</Target>
			<Target title="Lin Debug">
				<Option platforms="Unix;" />
				<Option output="bin/Linux/PandoraPanic_D" prefix_auto="1" extension_auto="0" />
				<Option working_dir="built" />
				<Option object_output="obj/lin/Debug/" />
				<Option type="1" />
				<Option compiler="gcc" />
				<Compiler>
					<Add option="-g" />
					<Add option="-DPLATFORM_PC" />
					<Add option="-D_DEBUG" />
					<Add option="-D_LINUX" />
					<Add option="-DPENJIN_SDL" />
					<Add option="-DUSE_ACHIEVEMENTS" />
				</Compiler>
				<Linker>
					<Add option="`sdl-config --libs`" />
					<Add option="-lX11 -lXi" />
					<Add option="-lSDL_ttf" />
					<Add option="-lSDL_image" />
					<Add option="-lSDL_mixer" />
					<Add option="-lSDL_gfx" />
					<Add directory="../PenjinBase/obj/lin/Debug" />
				</Linker>
			</Target>
			<Target title="Lin Release">
				<Option platforms="Unix;" />
				<Option output="bin/Linux/PandoraPanic_R" prefix_auto="1" extension_auto="0" />
				<Option working_dir="built" />
				<Option object_output="obj/lin/Release/" />
				<Option type="0" />
				<Option compiler="gcc" />
				<Compiler>
					<Add option="-O3" />
					<Add option="-DPLATFORM_PC" />
					<Add option="-D_LINUX" />
					<Add option="-DPENJIN_SDL" />
					<Add option="-DUSE_ACHIEVEMENTS" />
				</Compiler>
				<Linker>
					<Add option="-s" />
					<Add option="`sdl-config --libs`" />
					<Add option="-lX11 -lXi" />
					<Add option="-lSDL_ttf" />
					<Add option="-lSDL_image" />
					<Add option="-lSDL_mixer" />
					<Add option="-lSDL_gfx" />
					<Add option="--disable-checking" />
					<Add directory="../PenjinBase/obj/lin/Release" />
				</Linker>
			</Target>
			<Target title="Pandora Debug">
				<Option output="bin/Pandora/PandoraPanic_D.pxf" prefix_auto="1" extension_auto="0" />
				<Option working_dir="built" />
				<Option object_output="obj/Pandora/Debug/" />
				<Option type="1" />
				<Option compiler="pandora" />
				<Option use_console_runner="0" />
				<Compiler>
					<Add option="-g" />
					<Add option="-msoft-float" />
					<Add option="-DPLATFORM_PANDORA" />
					<Add option="-D_DEBUG" />
					<Add option="-DPENJIN_SDL" />
					<Add directory="$(#PANDORA_SDK.include)" />
				</Compiler>
				<Linker>
					<Add option="-ldl" />
					<Add option="-lpthread" />
					<Add library="$(#PANDORA_SDK.lib)/libSDL_mixer.a" />
					<Add library="$(#PANDORA_SDK.lib)/libSDL.a" />
					<Add library="$(#PANDORA_SDK.lib)/libSDL_ttf.a" />
					<Add library="$(#PANDORA_SDK.lib)/libfreetype.a" />
					<Add library="$(#PANDORA_SDK.lib)/libvorbisidec.a" />
					<Add library="$(#PANDORA_SDK.lib)/libSDL_gfx.a" />
					<Add library="$(#PANDORA_SDK.lib)/libSDL_image.a" />
					<Add library="$(#PANDORA_SDK.lib)/libSDLmain.a" />
					<Add library="$(#PANDORA_SDK.lib)/libts.a" />
					<Add library="$(#PANDORA_SDK.lib)/libpng12.a" />
					<Add library="$(#PANDORA_SDK.lib)/libpng.a" />
					<Add library="$(#PANDORA_SDK.lib)/libz.a" />
					<Add directory="$(#PANDORA_SDK.lib)" />
				</Linker>
			</Target>
			<Target title="Pandora Release">
				<Option output="bin/Pandora/PandoraPanic_R.pxf" prefix_auto="1" extension_auto="0" />
				<Option working_dir="built" />
				<Option object_output="obj/Pandora/Release/" />
				<Option type="0" />
				<Option compiler="pandora" />
				<Option projectLinkerOptionsRelation="1" />
				<Option projectIncludeDirsRelation="1" />
				<Option projectLibDirsRelation="1" />
				<Compiler>
					<Add option="-O3" />
					<Add option="-msoft-float" />
					<Add option="-DPLATFORM_PANDORA" />
					<Add option="-DPENJIN_SDL" />
					<Add directory="$(#PANDORA_SDK.include)" />
					<Add directory="../PandoraPanic" />
					<Add directory="../PenjinBase/include" />
					<Add directory="../PenjinBase" />
				</Compiler>
				<Linker>
					<Add option="-s" />
					<Add option="-lpthread" />
					<Add option="-ldl" />
					<Add library="$(#PANDORA_SDK.lib)/libSDL_mixer.a" />
					<Add library="$(#PANDORA_SDK.lib)/libSDL.a" />
					<Add library="$(#PANDORA_SDK.lib)/libSDL_ttf.a" />
					<Add library="$(#PANDORA_SDK.lib)/libfreetype.a" />
					<Add library="$(#PANDORA_SDK.lib)/libvorbisidec.a" />
					<Add library="$(#PANDORA_SDK.lib)/libSDL_gfx.a" />
					<Add library="$(#PANDORA_SDK.lib)/libSDL_image.a" />
					<Add library="$(#PANDORA_SDK.lib)/libSDLmain.a" />
					<Add library="$(#PANDORA_SDK.lib)/libts.a" />
					<Add library="$(#PANDORA_SDK.lib)/libpng12.a" />
					<Add library="$(#PANDORA_SDK.lib)/libpng.a" />
					<Add library="$(#PANDORA_SDK.lib)/libz.a" />
					<Add directory="$(#PANDORA_SDK.lib)" />
				</Linker>
			</Target>
			<Target title="LinGL Debug">
				<Option platforms="Unix;" />
				<Option output="bin/Linux/PandoraPanicGL_R" prefix_auto="1" extension_auto="0" />
				<Option working_dir="built" />
				<Option object_output="obj/lin/DebugGL/" />
				<Option type="1" />
				<Option compiler="gcc" />
				<Compiler>
					<Add option="-g" />
					<Add option="-DPLATFORM_PC" />
					<Add option="-D_DEBUG" />
					<Add option="-D_LINUX" />
					<Add option="-DPENJIN_GL" />
				</Compiler>
				<Linker>
					<Add option="`sdl-config --libs`" />
					<Add option="-lX11 -lXi" />
					<Add option="-lGL -lGLU" />
					<Add option="-lSDL_ttf" />
					<Add option="-lSDL_image" />
					<Add option="-lSDL_mixer" />
					<Add option="-lSDL_gfx" />
					<Add directory="../PenjinBase/obj/lin/Debug" />
				</Linker>
			</Target>
			<Target title="Cross-W32 Debug">
				<Option output="bin/W32/PandoraPanic_D" prefix_auto="1" extension_auto="1" />
				<Option working_dir="built" />
				<Option object_output="obj/W32/Debug/" />
				<Option type="1" />
				<Option compiler="mingw" />
				<Compiler>
					<Add option="-g" />
					<Add option="-D_DEBUG" />
					<Add option="-D_WIN32" />
					<Add option="-DPLATFORM_PC" />
					<Add option="-DPENJIN_SDL" />
					<Add directory="$(#mingw.include)" />
					<Add directory="$(#default.include)" />
				</Compiler>
				<Linker>
					<Add option="`i586-mingw32msvc-sdl-config --libs`" />
					<Add option="-lSDL_gfx" />
					<Add option="-lSDL_image" />
					<Add option="-lSDL_mixer" />
					<Add option="-lSDL_ttf" />
					<Add option="-lSDLmain" />
					<Add option="-lSDL" />
					<Add directory="$(#mingw.lib)" />
					<Add directory="$(#default.lib)" />
				</Linker>
			</Target>
			<Target title="Cross-W32 Release">
				<Option output="bin/W32/PandoraPanic_R" prefix_auto="1" extension_auto="1" />
				<Option working_dir="built" />
				<Option object_output="obj/W32/Release/" />
				<Option type="0" />
				<Option compiler="mingw" />
				<Compiler>
					<Add option="-O3" />
					<Add option="-DPLATFORM_PC" />
					<Add option="-D_WIN32" />
					<Add option="-DPENJIN_SDL" />
					<Add directory="$(#MINGW32.include)" />
				</Compiler>
				<Linker>
					<Add option="-s" />
					<Add library="$(MINGW32.lib)/SDL_ttf.lib" />
					<Add library="$(MINGW32.lib)/libmingw32.a" />
					<Add library="$(MINGW32.lib)/libSDLmain.a" />
					<Add library="$(MINGW32.lib)/libSDL.dll.a" />
					<Add library="$(MINGW32.lib)/sdlgfx.lib" />
					<Add library="$(MINGW32.lib)/SDL_image.lib" />
					<Add library="$(MINGW32.lib)/SDL_mixer.lib" />
					<Add directory="$(#MINGW32.lib)" />
				</Linker>
			</Target>
		</Build>
		<Compiler>
			<Add option="-Wall" />
			<Add option="`sdl-config --cflags`" />
			<Add option="-DUSE_ACHIEVEMENTS" />
			<Add directory="../PandoraPanic" />
			<Add directory="../PenjinBase/include" />
			<Add directory="../PenjinBase" />
		</Compiler>
		<Unit filename="Arena/ArenaEffect.cpp">
			<Option virtualFolder="MyGame/States/MiniGames/StateArena/" />
		</Unit>
		<Unit filename="Arena/ArenaEffect.h">
			<Option virtualFolder="MyGame/States/MiniGames/StateArena/" />
		</Unit>
		<Unit filename="Arena/ArenaEffectSystem.cpp">
			<Option virtualFolder="MyGame/States/MiniGames/StateArena/" />
		</Unit>
		<Unit filename="Arena/ArenaEffectSystem.h">
			<Option virtualFolder="MyGame/States/MiniGames/StateArena/" />
		</Unit>
		<Unit filename="Arena/ArenaEnvironment.cpp">
			<Option virtualFolder="MyGame/States/MiniGames/StateArena/" />
		</Unit>
		<Unit filename="Arena/ArenaEnvironment.h">
			<Option virtualFolder="MyGame/States/MiniGames/StateArena/" />
		</Unit>
		<Unit filename="Arena/ArenaHero.cpp">
			<Option virtualFolder="MyGame/States/MiniGames/StateArena/" />
		</Unit>
		<Unit filename="Arena/ArenaHero.h">
			<Option virtualFolder="MyGame/States/MiniGames/StateArena/" />
		</Unit>
		<Unit filename="Arena/ArenaMonster.cpp">
			<Option virtualFolder="MyGame/States/MiniGames/StateArena/" />
		</Unit>
		<Unit filename="Arena/ArenaMonster.h">
			<Option virtualFolder="MyGame/States/MiniGames/StateArena/" />
		</Unit>
		<Unit filename="Arena/ArenaMonsterList.cpp">
			<Option virtualFolder="MyGame/States/MiniGames/StateArena/" />
		</Unit>
		<Unit filename="Arena/ArenaMonsterList.h">
			<Option virtualFolder="MyGame/States/MiniGames/StateArena/" />
		</Unit>
		<Unit filename="ButtonPrompter.cpp" />
		<Unit filename="ButtonPrompter.h" />
		<Unit filename="MiniGameStates.h">
			<Option virtualFolder="MyGame/States/" />
		</Unit>
		<Unit filename="MiniGames.h">
			<Option virtualFolder="MyGame/States/MiniGames/" />
		</Unit>
		<Unit filename="MyGame.cpp">
			<Option virtualFolder="MyGame/" />
		</Unit>
		<Unit filename="MyGame.h">
			<Option virtualFolder="MyGame/" />
		</Unit>
		<Unit filename="PanJoust/HeroBird.cpp">
			<Option virtualFolder="MyGame/States/MiniGames/StatePanJoust/" />
		</Unit>
		<Unit filename="PanJoust/HeroBird.h">
			<Option virtualFolder="MyGame/States/MiniGames/StatePanJoust/" />
		</Unit>
		<Unit filename="RocketEscape/Collectible.cpp">
			<Option virtualFolder="MyGame/States/MiniGames/StateRocketEscape/" />
		</Unit>
		<Unit filename="RocketEscape/Collectible.h">
			<Option virtualFolder="MyGame/States/MiniGames/StateRocketEscape/" />
		</Unit>
		<Unit filename="RocketEscape/LandingPad.cpp">
			<Option virtualFolder="MyGame/States/MiniGames/StateRocketEscape/" />
		</Unit>
		<Unit filename="RocketEscape/LandingPad.h">
			<Option virtualFolder="MyGame/States/MiniGames/StateRocketEscape/" />
		</Unit>
		<Unit filename="RocketEscape/Rocket.cpp">
			<Option virtualFolder="MyGame/States/MiniGames/StateRocketEscape/" />
		</Unit>
		<Unit filename="RocketEscape/Rocket.h">
			<Option virtualFolder="MyGame/States/MiniGames/StateRocketEscape/" />
		</Unit>
		<Unit filename="SegWay.cpp">
			<Option compile="0" />
			<Option link="0" />
			<Option virtualFolder="MyGame/States/MiniGames/StateSegWay/" />
		</Unit>
		<Unit filename="SegWay.h">
			<Option virtualFolder="MyGame/States/MiniGames/StateSegWay/" />
		</Unit>
		<Unit filename="StateAchievements.cpp">
			<Option virtualFolder="MyGame/States/" />
		</Unit>
		<Unit filename="StateAchievements.h">
			<Option virtualFolder="MyGame/States/" />
		</Unit>
		<Unit filename="StateArena.cpp">
			<Option virtualFolder="MyGame/States/MiniGames/" />
		</Unit>
		<Unit filename="StateArena.h">
			<Option virtualFolder="MyGame/States/MiniGames/" />
		</Unit>
		<Unit filename="StateBadVista.cpp">
			<Option virtualFolder="MyGame/States/MiniGames/" />
		</Unit>
		<Unit filename="StateBadVista.h">
			<Option virtualFolder="MyGame/States/MiniGames/" />
		</Unit>
		<Unit filename="StateBallDrop.cpp">
			<Option virtualFolder="MyGame/States/MiniGames/" />
		</Unit>
		<Unit filename="StateBallDrop.h">
			<Option virtualFolder="MyGame/States/MiniGames/" />
		</Unit>
		<Unit filename="StateBarrelRoll.cpp">
			<Option virtualFolder="MyGame/States/MiniGames/" />
		</Unit>
		<Unit filename="StateBarrelRoll.h">
			<Option virtualFolder="MyGame/States/MiniGames/" />
		</Unit>
		<Unit filename="StateCake.cpp">
			<Option virtualFolder="MyGame/States/MiniGames/" />
		</Unit>
		<Unit filename="StateCake.h">
			<Option virtualFolder="MyGame/States/MiniGames/" />
		</Unit>
		<Unit filename="StateCredits.cpp">
			<Option virtualFolder="MyGame/States/" />
		</Unit>
		<Unit filename="StateCredits.h">
			<Option virtualFolder="MyGame/States/" />
		</Unit>
		<Unit filename="StateDarkTreasure.cpp">
			<Option compile="0" />
			<Option link="0" />
		</Unit>
		<Unit filename="StateDarkTreasure.h" />
		<Unit filename="StateDistractedMath.cpp">
			<Option virtualFolder="MyGame/States/MiniGames/" />
		</Unit>
		<Unit filename="StateDistractedMath.h">
			<Option virtualFolder="MyGame/States/MiniGames/" />
		</Unit>
		<Unit filename="StateDoubleNubTrouble.cpp">
			<Option compile="0" />
			<Option link="0" />
			<Option virtualFolder="MyGame/States/MiniGames/" />
		</Unit>
		<Unit filename="StateDoubleNubTrouble.h">
			<Option virtualFolder="MyGame/States/MiniGames/" />
		</Unit>
		<Unit filename="StateFire.cpp">
			<Option virtualFolder="MyGame/States/MiniGames/" />
		</Unit>
		<Unit filename="StateFire.h">
			<Option virtualFolder="MyGame/States/MiniGames/" />
		</Unit>
		<Unit filename="StateGameover.cpp">
			<Option virtualFolder="MyGame/States/" />
		</Unit>
		<Unit filename="StateGameover.h">
			<Option virtualFolder="MyGame/States/" />
		</Unit>
		<Unit filename="StateGameoverOrdered.cpp">
			<Option virtualFolder="MyGame/States/" />
		</Unit>
		<Unit filename="StateGameoverOrdered.h">
			<Option virtualFolder="MyGame/States/" />
		</Unit>
		<Unit filename="StateJumper.cpp">
			<Option virtualFolder="MyGame/States/MiniGames/" />
		</Unit>
		<Unit filename="StateJumper.h">
			<Option virtualFolder="MyGame/States/MiniGames/" />
		</Unit>
		<Unit filename="StateMain.cpp">
			<Option virtualFolder="MyGame/States/" />
		</Unit>
		<Unit filename="StateMain.h">
			<Option virtualFolder="MyGame/States/" />
		</Unit>
		<Unit filename="StateMaze.cpp">
			<Option virtualFolder="MyGame/States/MiniGames/" />
		</Unit>
		<Unit filename="StateMaze.h">
			<Option virtualFolder="MyGame/States/MiniGames/" />
		</Unit>
		<Unit filename="StateMemoryBlocks.cpp">
			<Option virtualFolder="MyGame/States/MiniGames/" />
		</Unit>
		<Unit filename="StateMemoryBlocks.h">
			<Option virtualFolder="MyGame/States/MiniGames/" />
		</Unit>
		<Unit filename="StateOneButtonBandit.cpp">
			<Option virtualFolder="MyGame/States/MiniGames/" />
		</Unit>
		<Unit filename="StateOneButtonBandit.h">
			<Option virtualFolder="MyGame/States/MiniGames/" />
		</Unit>
		<Unit filename="StatePanJoust.cpp">
			<Option virtualFolder="MyGame/States/MiniGames/" />
		</Unit>
		<Unit filename="StatePanJoust.h">
			<Option virtualFolder="MyGame/States/MiniGames/" />
		</Unit>
		<Unit filename="StatePang.cpp">
			<Option virtualFolder="MyGame/States/MiniGames/" />
		</Unit>
		<Unit filename="StatePang.h">
			<Option virtualFolder="MyGame/States/MiniGames/" />
		</Unit>
		<Unit filename="StatePanicAttack.cpp">
			<Option virtualFolder="MyGame/States/MiniGames/" />
		</Unit>
		<Unit filename="StatePanicAttack.h">
			<Option virtualFolder="MyGame/States/MiniGames/" />
		</Unit>
		<Unit filename="StatePanicAttackButtonsEvents.cpp">
			<Option virtualFolder="MyGame/States/MiniGames/" />
		</Unit>
		<Unit filename="StatePanicAttackButtonsEvents.h">
			<Option virtualFolder="MyGame/States/MiniGames/" />
		</Unit>
		<Unit filename="StatePlander.cpp">
			<Option virtualFolder="MyGame/States/MiniGames/" />
		</Unit>
		<Unit filename="StatePlander.h">
			<Option virtualFolder="MyGame/States/MiniGames/" />
		</Unit>
		<Unit filename="StatePong.cpp">
			<Option virtualFolder="MyGame/States/MiniGames/" />
		</Unit>
		<Unit filename="StatePong.h">
			<Option virtualFolder="MyGame/States/MiniGames/" />
		</Unit>
		<Unit filename="StatePunchWrestler.cpp">
			<Option virtualFolder="MyGame/States/MiniGames/" />
		</Unit>
		<Unit filename="StatePunchWrestler.h">
			<Option virtualFolder="MyGame/States/MiniGames/" />
		</Unit>
		<Unit filename="StatePuttPutt.cpp">
			<Option virtualFolder="MyGame/States/MiniGames/" />
		</Unit>
		<Unit filename="StatePuttPutt.h">
			<Option virtualFolder="MyGame/States/MiniGames/" />
		</Unit>
		<Unit filename="StateReflex.cpp">
			<Option virtualFolder="MyGame/States/MiniGames/" />
		</Unit>
		<Unit filename="StateReflex.h">
			<Option virtualFolder="MyGame/States/MiniGames/" />
		</Unit>
		<Unit filename="StateRotDef.cpp">
			<Option virtualFolder="MyGame/States/MiniGames/" />
		</Unit>
		<Unit filename="StateRotDef.h">
			<Option virtualFolder="MyGame/States/MiniGames/" />
		</Unit>
		<Unit filename="StateSnatchABeer.cpp">
			<Option virtualFolder="MyGame/States/MiniGames/" />
		</Unit>
		<Unit filename="StateSnatchABeer.h">
			<Option virtualFolder="MyGame/States/MiniGames/" />
		</Unit>
		<Unit filename="StateSpaceInvaders.cpp">
			<Option virtualFolder="MyGame/States/MiniGames/" />
		</Unit>
		<Unit filename="StateSpaceInvaders.h">
			<Option virtualFolder="MyGame/States/MiniGames/" />
		</Unit>
		<Unit filename="StateSpellingContest.cpp">
			<Option virtualFolder="MyGame/States/MiniGames/" />
		</Unit>
		<Unit filename="StateSpellingContest.h">
			<Option virtualFolder="MyGame/States/MiniGames/" />
		</Unit>
		<Unit filename="StateTheCountJob.cpp">
			<Option virtualFolder="MyGame/States/MiniGames/" />
		</Unit>
		<Unit filename="StateTheCountJob.h">
			<Option virtualFolder="MyGame/States/MiniGames/" />
		</Unit>
		<Unit filename="StateTileEditor.cpp">
			<Option virtualFolder="MyGame/States/" />
		</Unit>
		<Unit filename="StateTileEditor.h">
			<Option virtualFolder="MyGame/States/" />
		</Unit>
		<Unit filename="StateTitle.cpp">
			<Option virtualFolder="MyGame/States/" />
		</Unit>
		<Unit filename="StateTitle.h">
			<Option virtualFolder="MyGame/States/" />
		</Unit>
		<Unit filename="_main.cpp">
			<Option virtualFolder="MyGame/" />
		</Unit>
		<Unit filename="trabitboy/activeGameSubState.h">
			<Option virtualFolder="MyGame/States/MiniGames/StatePunchWrestler/" />
		</Unit>
		<Unit filename="trabitboy/agroState.cpp">
			<Option virtualFolder="MyGame/States/MiniGames/StatePunchWrestler/" />
		</Unit>
		<Unit filename="trabitboy/agroState.h">
			<Option virtualFolder="MyGame/States/MiniGames/StatePunchWrestler/" />
		</Unit>
		<Unit filename="trabitboy/loseState.cpp">
			<Option virtualFolder="MyGame/States/MiniGames/StatePunchWrestler/" />
		</Unit>
		<Unit filename="trabitboy/loseState.h">
			<Option virtualFolder="MyGame/States/MiniGames/StatePunchWrestler/" />
		</Unit>
		<Unit filename="trabitboy/punchState.cpp">
			<Option virtualFolder="MyGame/States/MiniGames/StatePunchWrestler/" />
		</Unit>
		<Unit filename="trabitboy/punchState.h">
			<Option virtualFolder="MyGame/States/MiniGames/StatePunchWrestler/" />
		</Unit>
		<Unit filename="trabitboy/winState.cpp">
			<Option virtualFolder="MyGame/States/MiniGames/StatePunchWrestler/" />
		</Unit>
		<Unit filename="trabitboy/winState.h">
			<Option virtualFolder="MyGame/States/MiniGames/StatePunchWrestler/" />
		</Unit>
		<Unit filename="userStates.h">
			<Option virtualFolder="MyGame/States/" />
		</Unit>
		<Unit filename="version.h">
			<Option virtualFolder="MyGame/" />
		</Unit>
		<Unit filename="../PenjinBase/Achievement.cpp">
			<Option virtualFolder="PenjinBase/Achievements/" />
		</Unit>
		<Unit filename="../PenjinBase/Achievement.h">
			<Option virtualFolder="PenjinBase/Achievements/" />
		</Unit>
		<Unit filename="../PenjinBase/AchievementBoolean.cpp">
			<Option virtualFolder="PenjinBase/Achievements/" />
		</Unit>
		<Unit filename="../PenjinBase/AchievementBoolean.h">
			<Option virtualFolder="PenjinBase/Achievements/" />
		</Unit>
		<Unit filename="../PenjinBase/AchievementCount.cpp">
			<Option virtualFolder="PenjinBase/Achievements/" />
		</Unit>
		<Unit filename="../PenjinBase/AchievementCount.h">
			<Option virtualFolder="PenjinBase/Achievements/" />
		</Unit>
		<Unit filename="../PenjinBase/AchievementReset.cpp">
			<Option virtualFolder="PenjinBase/Achievements/" />
		</Unit>
		<Unit filename="../PenjinBase/AchievementReset.h">
			<Option virtualFolder="PenjinBase/Achievements/" />
		</Unit>
		<Unit filename="../PenjinBase/AchievementReset2.cpp">
			<Option virtualFolder="PenjinBase/Achievements/" />
		</Unit>
		<Unit filename="../PenjinBase/AchievementReset2.h">
			<Option virtualFolder="PenjinBase/Achievements/" />
		</Unit>
		<Unit filename="../PenjinBase/AchievementSystem.cpp">
			<Option virtualFolder="PenjinBase/Achievements/" />
		</Unit>
		<Unit filename="../PenjinBase/AchievementSystem.h">
			<Option virtualFolder="PenjinBase/Achievements/" />
		</Unit>
		<Unit filename="../PenjinBase/AchievementUtility.cpp">
			<Option virtualFolder="PenjinBase/Achievements/" />
		</Unit>
		<Unit filename="../PenjinBase/AchievementUtility.h">
			<Option virtualFolder="PenjinBase/Achievements/" />
		</Unit>
		<Unit filename="../PenjinBase/AnimatedParticle.cpp">
			<Option virtualFolder="PenjinBase/Particle/Particles/" />
		</Unit>
		<Unit filename="../PenjinBase/AnimatedParticle.h">
			<Option virtualFolder="PenjinBase/Particle/Particles/" />
		</Unit>
		<Unit filename="../PenjinBase/AnimatedSprite.cpp">
			<Option virtualFolder="PenjinBase/Sprite/" />
		</Unit>
		<Unit filename="../PenjinBase/AnimatedSprite.h">
			<Option virtualFolder="PenjinBase/Sprite/" />
		</Unit>
		<Unit filename="../PenjinBase/Animation.cpp">
			<Option virtualFolder="PenjinBase/Draw/" />
		</Unit>
		<Unit filename="../PenjinBase/Animation.h">
			<Option virtualFolder="PenjinBase/Draw/" />
		</Unit>
		<Unit filename="../PenjinBase/AnimationMenuItem.cpp">
			<Option virtualFolder="PenjinBase/Menu/MenuItems/" />
		</Unit>
		<Unit filename="../PenjinBase/AnimationMenuItem.h">
			<Option virtualFolder="PenjinBase/Menu/MenuItems/" />
		</Unit>
		<Unit filename="../PenjinBase/AnimationStringMenuItem.cpp">
			<Option virtualFolder="PenjinBase/Menu/MenuItems/" />
		</Unit>
		<Unit filename="../PenjinBase/AnimationStringMenuItem.h">
			<Option virtualFolder="PenjinBase/Menu/MenuItems/" />
		</Unit>
		<Unit filename="../PenjinBase/BackBuffer.cpp">
			<Option virtualFolder="PenjinBase/Draw/" />
		</Unit>
		<Unit filename="../PenjinBase/BackBuffer.h">
			<Option virtualFolder="PenjinBase/Draw/" />
		</Unit>
		<Unit filename="../PenjinBase/Background.cpp">
			<Option virtualFolder="PenjinBase/Draw/" />
		</Unit>
		<Unit filename="../PenjinBase/Background.h">
			<Option virtualFolder="PenjinBase/Draw/" />
		</Unit>
		<Unit filename="../PenjinBase/BaseState.cpp">
			<Option virtualFolder="PenjinBase/" />
		</Unit>
		<Unit filename="../PenjinBase/BaseState.h">
			<Option virtualFolder="PenjinBase/" />
		</Unit>
		<Unit filename="../PenjinBase/CollisionMap.cpp">
			<Option virtualFolder="PenjinBase/Physics/" />
		</Unit>
		<Unit filename="../PenjinBase/CollisionMap.h">
			<Option virtualFolder="PenjinBase/Physics/" />
		</Unit>
		<Unit filename="../PenjinBase/Colour.cpp">
			<Option virtualFolder="PenjinBase/" />
		</Unit>
		<Unit filename="../PenjinBase/Colour.h">
			<Option virtualFolder="PenjinBase/" />
		</Unit>
		<Unit filename="../PenjinBase/Command.cpp">
			<Option virtualFolder="PenjinBase/" />
		</Unit>
		<Unit filename="../PenjinBase/Command.h">
			<Option virtualFolder="PenjinBase/" />
		</Unit>
		<Unit filename="../PenjinBase/CountDown.cpp">
			<Option virtualFolder="PenjinBase/Timers/" />
		</Unit>
		<Unit filename="../PenjinBase/CountDown.h">
			<Option virtualFolder="PenjinBase/Timers/" />
		</Unit>
		<Unit filename="../PenjinBase/DoubleVector.h">
			<Option virtualFolder="PenjinBase/" />
		</Unit>
		<Unit filename="../PenjinBase/Emitter.cpp">
			<Option virtualFolder="PenjinBase/Particle/" />
		</Unit>
		<Unit filename="../PenjinBase/Emitter.h">
			<Option virtualFolder="PenjinBase/Particle/" />
		</Unit>
		<Unit filename="../PenjinBase/Encryption.cpp">
			<Option virtualFolder="PenjinBase/" />
		</Unit>
		<Unit filename="../PenjinBase/Encryption.h">
			<Option virtualFolder="PenjinBase/" />
		</Unit>
		<Unit filename="../PenjinBase/Engine.cpp">
			<Option virtualFolder="PenjinBase/" />
		</Unit>
		<Unit filename="../PenjinBase/Engine.h">
			<Option virtualFolder="PenjinBase/" />
		</Unit>
		<Unit filename="../PenjinBase/ErrorHandler.h">
			<Option virtualFolder="PenjinBase/" />
		</Unit>
		<Unit filename="../PenjinBase/GFX.cpp">
			<Option virtualFolder="PenjinBase/Draw/" />
		</Unit>
		<Unit filename="../PenjinBase/GFX.h">
			<Option virtualFolder="PenjinBase/Draw/" />
		</Unit>
		<Unit filename="../PenjinBase/Glyph.cpp">
			<Option virtualFolder="PenjinBase/Text/" />
		</Unit>
		<Unit filename="../PenjinBase/Glyph.h">
			<Option virtualFolder="PenjinBase/Text/" />
		</Unit>
		<Unit filename="../PenjinBase/HiScore.cpp">
			<Option virtualFolder="PenjinBase/Scoring/" />
		</Unit>
		<Unit filename="../PenjinBase/HiScore.h">
			<Option virtualFolder="PenjinBase/Scoring/" />
		</Unit>
		<Unit filename="../PenjinBase/HitRegion.cpp">
			<Option virtualFolder="PenjinBase/Physics/" />
		</Unit>
		<Unit filename="../PenjinBase/HitRegion.h">
			<Option virtualFolder="PenjinBase/Physics/" />
		</Unit>
		<Unit filename="../PenjinBase/Image.cpp">
			<Option virtualFolder="PenjinBase/Draw/" />
		</Unit>
		<Unit filename="../PenjinBase/Image.h">
			<Option virtualFolder="PenjinBase/Draw/" />
		</Unit>
		<Unit filename="../PenjinBase/ImageMenuItem.cpp">
			<Option virtualFolder="PenjinBase/Menu/MenuItems/" />
		</Unit>
		<Unit filename="../PenjinBase/ImageMenuItem.h">
			<Option virtualFolder="PenjinBase/Menu/MenuItems/" />
		</Unit>
		<Unit filename="../PenjinBase/ImageStringMenuItem.cpp">
			<Option virtualFolder="PenjinBase/Menu/MenuItems/" />
		</Unit>
		<Unit filename="../PenjinBase/ImageStringMenuItem.h">
			<Option virtualFolder="PenjinBase/Menu/MenuItems/" />
		</Unit>
		<Unit filename="../PenjinBase/IntVector2d.cpp">
			<Option virtualFolder="PenjinBase/Physics/Vectors/old/" />
		</Unit>
		<Unit filename="../PenjinBase/IntVector2d.h">
			<Option virtualFolder="PenjinBase/Physics/Vectors/old/" />
		</Unit>
		<Unit filename="../PenjinBase/KeyDefines.h">
			<Option virtualFolder="PenjinBase/Input/" />
		</Unit>
		<Unit filename="../PenjinBase/KeyMap.cpp">
			<Option virtualFolder="PenjinBase/Input/KeyMapper/" />
		</Unit>
		<Unit filename="../PenjinBase/KeyMap.h">
			<Option virtualFolder="PenjinBase/Input/KeyMapper/" />
		</Unit>
		<Unit filename="../PenjinBase/KeyMapDigitalJoyAxis.cpp">
			<Option virtualFolder="PenjinBase/Input/KeyMapper/" />
		</Unit>
		<Unit filename="../PenjinBase/KeyMapDigitalJoyAxis.h">
			<Option virtualFolder="PenjinBase/Input/KeyMapper/" />
		</Unit>
		<Unit filename="../PenjinBase/KeyMapHat.cpp">
			<Option virtualFolder="PenjinBase/Input/KeyMapper/" />
		</Unit>
		<Unit filename="../PenjinBase/KeyMapHat.h">
			<Option virtualFolder="PenjinBase/Input/KeyMapper/" />
		</Unit>
		<Unit filename="../PenjinBase/KeyMapJoyAxis.cpp">
			<Option virtualFolder="PenjinBase/Input/KeyMapper/" />
		</Unit>
		<Unit filename="../PenjinBase/KeyMapJoyAxis.h">
			<Option virtualFolder="PenjinBase/Input/KeyMapper/" />
		</Unit>
		<Unit filename="../PenjinBase/KeyMapJoyButton.cpp">
			<Option virtualFolder="PenjinBase/Input/KeyMapper/" />
		</Unit>
		<Unit filename="../PenjinBase/KeyMapJoyButton.h">
			<Option virtualFolder="PenjinBase/Input/KeyMapper/" />
		</Unit>
		<Unit filename="../PenjinBase/KeyMapMouseAxis.cpp">
			<Option virtualFolder="PenjinBase/Input/KeyMapper/" />
		</Unit>
		<Unit filename="../PenjinBase/KeyMapMouseAxis.h">
			<Option virtualFolder="PenjinBase/Input/KeyMapper/" />
		</Unit>
		<Unit filename="../PenjinBase/KeyMapMouseButton.cpp">
			<Option virtualFolder="PenjinBase/Input/KeyMapper/" />
		</Unit>
		<Unit filename="../PenjinBase/KeyMapMouseButton.h">
			<Option virtualFolder="PenjinBase/Input/KeyMapper/" />
		</Unit>
		<Unit filename="../PenjinBase/KeyMapSDLKey.cpp">
			<Option virtualFolder="PenjinBase/Input/KeyMapper/" />
		</Unit>
		<Unit filename="../PenjinBase/KeyMapSDLKey.h">
			<Option virtualFolder="PenjinBase/Input/KeyMapper/" />
		</Unit>
		<Unit filename="../PenjinBase/KeyMapper.cpp">
			<Option virtualFolder="PenjinBase/Input/KeyMapper/" />
		</Unit>
		<Unit filename="../PenjinBase/KeyMapper.h">
			<Option virtualFolder="PenjinBase/Input/KeyMapper/" />
		</Unit>
		<Unit filename="../PenjinBase/KeyWord.h">
			<Option virtualFolder="PenjinBase/" />
		</Unit>
		<Unit filename="../PenjinBase/KeyboardDefines.h">
			<Option virtualFolder="PenjinBase/Input/" />
		</Unit>
		<Unit filename="../PenjinBase/LUT.cpp">
			<Option virtualFolder="PenjinBase/" />
		</Unit>
		<Unit filename="../PenjinBase/LUT.h">
			<Option virtualFolder="PenjinBase/" />
		</Unit>
		<Unit filename="../PenjinBase/Line.cpp">
			<Option virtualFolder="PenjinBase/Draw/Primitives/" />
		</Unit>
		<Unit filename="../PenjinBase/Line.h">
			<Option virtualFolder="PenjinBase/Draw/Primitives/" />
		</Unit>
		<Unit filename="../PenjinBase/MMUHack.cpp">
			<Option virtualFolder="PenjinBase/PlatformSpecific/GP2X/" />
		</Unit>
		<Unit filename="../PenjinBase/MMUHack.h">
			<Option virtualFolder="PenjinBase/PlatformSpecific/GP2X/" />
		</Unit>
		<Unit filename="../PenjinBase/Menu.cpp">
			<Option virtualFolder="PenjinBase/Menu/" />
		</Unit>
		<Unit filename="../PenjinBase/Menu.h">
			<Option virtualFolder="PenjinBase/Menu/" />
		</Unit>
		<Unit filename="../PenjinBase/MenuItem.cpp">
			<Option virtualFolder="PenjinBase/Menu/MenuItems/" />
		</Unit>
		<Unit filename="../PenjinBase/MenuItem.h">
			<Option virtualFolder="PenjinBase/Menu/MenuItems/" />
		</Unit>
		<Unit filename="../PenjinBase/Music.cpp">
			<Option virtualFolder="PenjinBase/Sound/" />
		</Unit>
		<Unit filename="../PenjinBase/Music.h">
			<Option virtualFolder="PenjinBase/Sound/" />
		</Unit>
		<Unit filename="../PenjinBase/NumberUtility.cpp">
			<Option virtualFolder="PenjinBase/" />
		</Unit>
		<Unit filename="../PenjinBase/NumberUtility.h">
			<Option virtualFolder="PenjinBase/" />
		</Unit>
		<Unit filename="../PenjinBase/Parser.cpp">
			<Option virtualFolder="PenjinBase/" />
		</Unit>
		<Unit filename="../PenjinBase/Parser.h">
			<Option virtualFolder="PenjinBase/" />
		</Unit>
		<Unit filename="../PenjinBase/Particle.cpp">
			<Option virtualFolder="PenjinBase/Particle/Particles/" />
		</Unit>
		<Unit filename="../PenjinBase/Particle.h">
			<Option virtualFolder="PenjinBase/Particle/Particles/" />
		</Unit>
		<Unit filename="../PenjinBase/ParticleCollider.cpp">
			<Option virtualFolder="PenjinBase/Particle/Collidables/" />
		</Unit>
		<Unit filename="../PenjinBase/ParticleCollider.h">
			<Option virtualFolder="PenjinBase/Particle/Collidables/" />
		</Unit>
		<Unit filename="../PenjinBase/ParticleKiller.cpp">
			<Option virtualFolder="PenjinBase/Particle/Collidables/" />
		</Unit>
		<Unit filename="../PenjinBase/ParticleKiller.h">
			<Option virtualFolder="PenjinBase/Particle/Collidables/" />
		</Unit>
		<Unit filename="../PenjinBase/ParticleMirror.cpp">
			<Option virtualFolder="PenjinBase/Particle/Collidables/" />
		</Unit>
		<Unit filename="../PenjinBase/ParticleMirror.h">
			<Option virtualFolder="PenjinBase/Particle/Collidables/" />
		</Unit>
		<Unit filename="../PenjinBase/PenjinErrors.h">
			<Option virtualFolder="PenjinBase/" />
		</Unit>
		<Unit filename="../PenjinBase/PenjinFixedFunc.cpp">
			<Option virtualFolder="PenjinBase/Physics/Vectors/" />
		</Unit>
		<Unit filename="../PenjinBase/PenjinFixedFunc.h">
			<Option virtualFolder="PenjinBase/Physics/Vectors/" />
		</Unit>
		<Unit filename="../PenjinBase/PenjinIncludes.h">
			<Option virtualFolder="PenjinBase/" />
		</Unit>
		<Unit filename="../PenjinBase/PenjinStates.h">
			<Option virtualFolder="PenjinBase/" />
		</Unit>
		<Unit filename="../PenjinBase/PenjinTypes.h">
			<Option virtualFolder="PenjinBase/" />
		</Unit>
		<Unit filename="../PenjinBase/Pixel.cpp">
			<Option virtualFolder="PenjinBase/Draw/Primitives/" />
		</Unit>
		<Unit filename="../PenjinBase/Pixel.h">
			<Option virtualFolder="PenjinBase/Draw/Primitives/" />
		</Unit>
		<Unit filename="../PenjinBase/Random.cpp">
			<Option virtualFolder="PenjinBase/" />
		</Unit>
		<Unit filename="../PenjinBase/Random.h">
			<Option virtualFolder="PenjinBase/" />
		</Unit>
		<Unit filename="../PenjinBase/Raycast.cpp">
			<Option compile="0" />
			<Option link="0" />
			<Option virtualFolder="PenjinBase/" />
		</Unit>
		<Unit filename="../PenjinBase/Raycast.h">
			<Option virtualFolder="PenjinBase/" />
		</Unit>
		<Unit filename="../PenjinBase/Rectangle.cpp">
			<Option virtualFolder="PenjinBase/Draw/Primitives/" />
		</Unit>
		<Unit filename="../PenjinBase/Rectangle.h">
			<Option virtualFolder="PenjinBase/Draw/Primitives/" />
		</Unit>
		<Unit filename="../PenjinBase/Score.cpp">
			<Option virtualFolder="PenjinBase/Scoring/" />
		</Unit>
		<Unit filename="../PenjinBase/Score.h">
			<Option virtualFolder="PenjinBase/Scoring/" />
		</Unit>
		<Unit filename="../PenjinBase/ScoreScreen.cpp">
			<Option virtualFolder="PenjinBase/Scoring/" />
		</Unit>
		<Unit filename="../PenjinBase/ScoreScreen.h">
			<Option virtualFolder="PenjinBase/Scoring/" />
		</Unit>
		<Unit filename="../PenjinBase/ScreenPartition.cpp">
			<Option virtualFolder="PenjinBase/" />
		</Unit>
		<Unit filename="../PenjinBase/ScreenPartition.h">
			<Option virtualFolder="PenjinBase/" />
		</Unit>
		<Unit filename="../PenjinBase/SimpleJoy.cpp">
			<Option virtualFolder="PenjinBase/Input/" />
		</Unit>
		<Unit filename="../PenjinBase/SimpleJoy.h">
			<Option virtualFolder="PenjinBase/Input/" />
		</Unit>
		<Unit filename="../PenjinBase/Sound.cpp">
			<Option virtualFolder="PenjinBase/Sound/" />
		</Unit>
		<Unit filename="../PenjinBase/Sound.h">
			<Option virtualFolder="PenjinBase/Sound/" />
		</Unit>
		<Unit filename="../PenjinBase/Sprite.cpp">
			<Option virtualFolder="PenjinBase/Sprite/" />
		</Unit>
		<Unit filename="../PenjinBase/Sprite.h">
			<Option virtualFolder="PenjinBase/Sprite/" />
		</Unit>
		<Unit filename="../PenjinBase/SpriteParticle.cpp">
			<Option virtualFolder="PenjinBase/Particle/Particles/" />
		</Unit>
		<Unit filename="../PenjinBase/SpriteParticle.h">
			<Option virtualFolder="PenjinBase/Particle/Particles/" />
		</Unit>
		<Unit filename="../PenjinBase/StarField.cpp">
			<Option virtualFolder="PenjinBase/Particle/Effects/" />
		</Unit>
		<Unit filename="../PenjinBase/StarField.h">
			<Option virtualFolder="PenjinBase/Particle/Effects/" />
		</Unit>
		<Unit filename="../PenjinBase/StringMenuItem.cpp">
			<Option virtualFolder="PenjinBase/Menu/MenuItems/" />
		</Unit>
		<Unit filename="../PenjinBase/StringMenuItem.h">
			<Option virtualFolder="PenjinBase/Menu/MenuItems/" />
		</Unit>
		<Unit filename="../PenjinBase/StringUtility.cpp">
			<Option virtualFolder="PenjinBase/" />
		</Unit>
		<Unit filename="../PenjinBase/StringUtility.h">
			<Option virtualFolder="PenjinBase/" />
		</Unit>
		<Unit filename="../PenjinBase/Text.cpp">
			<Option virtualFolder="PenjinBase/Text/" />
		</Unit>
		<Unit filename="../PenjinBase/Text.h">
			<Option virtualFolder="PenjinBase/Text/" />
		</Unit>
		<Unit filename="../PenjinBase/TextDoc.cpp">
			<Option virtualFolder="PenjinBase/" />
		</Unit>
		<Unit filename="../PenjinBase/TextDoc.h">
			<Option virtualFolder="PenjinBase/" />
		</Unit>
		<Unit filename="../PenjinBase/Texture.cpp">
			<Option virtualFolder="PenjinBase/Draw/3D/" />
		</Unit>
		<Unit filename="../PenjinBase/Texture.h">
			<Option virtualFolder="PenjinBase/Draw/3D/" />
		</Unit>
		<Unit filename="../PenjinBase/TileMap.cpp">
			<Option virtualFolder="PenjinBase/" />
		</Unit>
		<Unit filename="../PenjinBase/TileMap.h">
			<Option virtualFolder="PenjinBase/" />
		</Unit>
		<Unit filename="../PenjinBase/Timer.cpp">
			<Option virtualFolder="PenjinBase/Timers/" />
		</Unit>
		<Unit filename="../PenjinBase/Timer.h">
			<Option virtualFolder="PenjinBase/Timers/" />
		</Unit>
		<Unit filename="../PenjinBase/Variable.cpp">
			<Option virtualFolder="PenjinBase/" />
		</Unit>
		<Unit filename="../PenjinBase/Variable.h">
			<Option virtualFolder="PenjinBase/" />
		</Unit>
		<Unit filename="../PenjinBase/Vector2df.cpp">
			<Option virtualFolder="PenjinBase/Physics/Vectors/" />
		</Unit>
		<Unit filename="../PenjinBase/Vector2df.h">
			<Option virtualFolder="PenjinBase/Physics/Vectors/" />
		</Unit>
		<Unit filename="../PenjinBase/Vector2di.cpp">
			<Option virtualFolder="PenjinBase/Physics/Vectors/" />
		</Unit>
		<Unit filename="../PenjinBase/Vector2di.h">
			<Option virtualFolder="PenjinBase/Physics/Vectors/" />
		</Unit>
		<Unit filename="../PenjinBase/Vector2dx.cpp">
			<Option virtualFolder="PenjinBase/Physics/Vectors/" />
		</Unit>
		<Unit filename="../PenjinBase/Vector2dx.h">
			<Option virtualFolder="PenjinBase/Physics/Vectors/" />
		</Unit>
		<Unit filename="../PenjinBase/Vector3d.cpp">
			<Option virtualFolder="PenjinBase/Physics/Vectors/old/" />
		</Unit>
		<Unit filename="../PenjinBase/Vector3d.h">
			<Option virtualFolder="PenjinBase/Physics/Vectors/old/" />
		</Unit>
		<Unit filename="../PenjinBase/Vector3df.cpp">
			<Option virtualFolder="PenjinBase/Physics/Vectors/" />
		</Unit>
		<Unit filename="../PenjinBase/Vector3df.h">
			<Option virtualFolder="PenjinBase/Physics/Vectors/" />
		</Unit>
		<Unit filename="../PenjinBase/Vector3di.cpp">
			<Option virtualFolder="PenjinBase/Physics/Vectors/" />
		</Unit>
		<Unit filename="../PenjinBase/Vector3di.h">
			<Option virtualFolder="PenjinBase/Physics/Vectors/" />
		</Unit>
		<Unit filename="../PenjinBase/Vector3dx.cpp">
			<Option virtualFolder="PenjinBase/Physics/Vectors/" />
		</Unit>
		<Unit filename="../PenjinBase/Vector3dx.h">
			<Option virtualFolder="PenjinBase/Physics/Vectors/" />
		</Unit>
		<Unit filename="../PenjinBase/WiiJoy.cpp">
			<Option virtualFolder="PenjinBase/PlatformSpecific/Wii/" />
		</Unit>
		<Unit filename="../PenjinBase/WiiJoy.h">
			<Option virtualFolder="PenjinBase/PlatformSpecific/Wii/" />
		</Unit>
		<Unit filename="../PenjinBase/trenki/fixed_class.h">
			<Option virtualFolder="PenjinBase/Physics/Vectors/Trenki/" />
		</Unit>
		<Unit filename="../PenjinBase/trenki/fixed_func.cpp">
			<Option virtualFolder="PenjinBase/Physics/Vectors/Trenki/" />
		</Unit>
		<Unit filename="../PenjinBase/trenki/fixed_func.h">
			<Option virtualFolder="PenjinBase/Physics/Vectors/Trenki/" />
		</Unit>
		<Unit filename="../PenjinBase/trenki/vector_math.h">
			<Option virtualFolder="PenjinBase/Physics/Vectors/Trenki/" />
		</Unit>
		<Extensions>
			<envvars />
			<code_completion />
			<debugger />
			<lib_finder disable_auto="1" />
			<AutoVersioning>
				<Scheme minor_max="10" build_max="0" rev_max="0" rev_rand_max="10" build_times_to_increment_minor="400" />
				<Settings autoincrement="1" date_declarations="1" do_auto_increment="1" ask_to_increment="0" language="C++" svn="0" svn_directory="" header_path="version.h" />
				<Changes_Log show_changes_editor="1" app_title="released version %M.%m.%b of %p" changeslog_path="ChangesLog.txt" />
			</AutoVersioning>
		</Extensions>
	</Project>
</CodeBlocks_project_file>
